github.com/bits-and-blooms/bitset v1.2.0 h1:Kn4yilvwNtMACtf1eYDlG8H77R07mZSPbMjLyS07ChA=
github.com/bits-and-blooms/bitset v1.2.0/go.mod h1:gIdJ4wp64HaoK2YrL1Q5/N7Y16edYb8uY+O0FJTyyDA=
github.com/bits-and-blooms/bloom/v3 v3.0.1 h1:Inlf0YXbgehxVjMPmCGv86iMCKMGPPrPSHtBF5yRHwA=
github.com/bits-and-blooms/bloom/v3 v3.0.1/go.mod h1:MC8muvBzzPOFsrcdND/A7kU7kMhkqb9KI70JlZCP+C8=
github.com/gorilla/websocket v1.4.2 h1:+/TMaTYc4QFitKJxsQ7Yye35DkWvkdLcvGKqM+x0Ufc=
github.com/gorilla/websocket v1.4.2/go.mod h1:YR8l580nyteQvAITg2hZ9XVh4b55+EU/adAjf1fMHhE=
github.com/lonelyevil/khl v0.0.1/go.mod h1:rW4txSp+s8ITGAIvORlzWkmfsGbCeCVCIupC0c+g4gc=
github.com/lonelyevil/khl v0.0.19 h1:Z3gU6r/nLjFbaDzcamNnIAMpUSFqLhmy1Z/XbDLKb98=
github.com/lonelyevil/khl v0.0.19/go.mod h1:4s95dhQHU2Mq9irRFwBupwScNuyQrXTIesj71foJLWU=
github.com/lonelyevil/khl/log_adapter/plog v0.0.19 h1:1RPXpMionNfigT5GXnE+muB29WJAx8DaQUCVN5KmGDk=
github.com/lonelyevil/khl/log_adapter/plog v0.0.19/go.mod h1:uQcKxjJBRtTpkOH5suvgLdSf+KjjOUg9MblJD+CmwT4=
github.com/phuslu/log v1.0.71 h1:ffGaGAy0PVjR2fYLvgtyBm8g5vPXV/9WGCeC9R+zKLE=
github.com/phuslu/log v1.0.71/go.mod h1:kzJN3LRifrepxThMjufQwS7S35yFAB+jAV1qgA7eBW4=
github.com/spaolacci/murmur3 v1.1.0 h1:7c1g84S4BPRrfL5Xrdp6fOJ206sU9y293DDHaoy0bLI=
github.com/spaolacci/murmur3 v1.1.0/go.mod h1:JwIasOWyU6f++ZhiEuf87xNszmSA2myDM2Kzu9HwQUA=
